
Microsoft Visual Studio Solution File, Format Version 12.00
# Visual Studio Version 17
VisualStudioVersion = 17.4.33213.308
MinimumVisualStudioVersion = 10.0.40219.1
Project("{FAE04EC0-301F-11D3-BF4B-00C04F79EFBC}") = "Iulia_Borca_Proiect", "Iulia_Borca_Proiect\Iulia_Borca_Proiect.csproj", "{FF17F1CC-2962-4E77-BD29-7669A8567C1D}"
EndProject
Global
	GlobalSection(SolutionConfigurationPlatforms) = preSolution
		Debug|Any CPU = Debug|Any CPU
		Release|Any CPU = Release|Any CPU
	EndGlobalSection
	GlobalSection(ProjectConfigurationPlatforms) = postSolution
		{FF17F1CC-2962-4E77-BD29-7669A8567C1D}.Debug|Any CPU.ActiveCfg = Debug|Any CPU
		{FF17F1CC-2962-4E77-BD29-7669A8567C1D}.Debug|Any CPU.Build.0 = Debug|Any CPU
		{FF17F1CC-2962-4E77-BD29-7669A8567C1D}.Release|Any CPU.ActiveCfg = Release|Any CPU
		{FF17F1CC-2962-4E77-BD29-7669A8567C1D}.Release|Any CPU.Build.0 = Release|Any CPU
	EndGlobalSection
	GlobalSection(SolutionProperties) = preSolution
		HideSolutionNode = FALSE
	EndGlobalSection
	GlobalSection(ExtensibilityGlobals) = postSolution
		SolutionGuid = {28B61395-3860-49FD-B528-70A9D8473EFA}
	EndGlobalSection
EndGlobal
